// !$*UTF8*$!
{
	archiveVersion = 1;
	classes = {
	};
	objectVersion = 77;
	objects = {

/* Begin PBXBuildFile section */
		D55670B72F140F9A0019DC8B /* SportType.swift in Sources */ = {isa = PBXBuildFile; fileRef = D55670B62F140F920019DC8B /* SportType.swift */; };
		D55670B92F15D9F20019DC8B /* MatchPauseReason.swift in Sources */ = {isa = PBXBuildFile; fileRef = D55670B82F15D9ED0019DC8B /* MatchPauseReason.swift */; };
		D57D72ED2F2572C900E24075 /* PlayerEditView.swift in Sources */ = {isa = PBXBuildFile; fileRef = D57D72EC2F2572C500E24075 /* PlayerEditView.swift */; };
		D57D72EF2F26783900E24075 /* MatchRosterEditView.swift in Sources */ = {isa = PBXBuildFile; fileRef = D57D72EE2F26783400E24075 /* MatchRosterEditView.swift */; };
		D5E7E4E82F0CF0770013F986 /* ContentView.swift in Sources */ = {isa = PBXBuildFile; fileRef = D5E7E4E52F0CF0770013F986 /* ContentView.swift */; };
		D5E7E4EE2F0CF5CE0013F986 /* PlayersView.swift in Sources */ = {isa = PBXBuildFile; fileRef = D5E7E4EC2F0CF5C50013F986 /* PlayersView.swift */; };
		D5E7E4F12F0CF5E20013F986 /* MatchView.swift in Sources */ = {isa = PBXBuildFile; fileRef = D5E7E4EF2F0CF5DA0013F986 /* MatchView.swift */; };
		D5E7E4F62F0CF8BE0013F986 /* Player.swift in Sources */ = {isa = PBXBuildFile; fileRef = D5E7E4F42F0CF8BC0013F986 /* Player.swift */; };
		D5E7E4FC2F0CFCEB0013F986 /* AddPlayerView.swift in Sources */ = {isa = PBXBuildFile; fileRef = D5E7E4FA2F0CFCE40013F986 /* AddPlayerView.swift */; };
		D5E7E50D2F0F38780013F986 /* MatchPlayer.swift in Sources */ = {isa = PBXBuildFile; fileRef = D5E7E50C2F0F38720013F986 /* MatchPlayer.swift */; };
		D5E7E50F2F0F39580013F986 /* Match.swift in Sources */ = {isa = PBXBuildFile; fileRef = D5E7E50E2F0F39540013F986 /* Match.swift */; };
		D5E7E5132F0F60210013F986 /* MatchSetupView.swift in Sources */ = {isa = PBXBuildFile; fileRef = D5E7E5122F0F60180013F986 /* MatchSetupView.swift */; };
		D5E7E5152F0F61760013F986 /* MatchClockView.swift in Sources */ = {isa = PBXBuildFile; fileRef = D5E7E5142F0F61720013F986 /* MatchClockView.swift */; };
		D5E7E5172F0F641B0013F986 /* TimeFormatter.swift in Sources */ = {isa = PBXBuildFile; fileRef = D5E7E5162F0F64170013F986 /* TimeFormatter.swift */; };
		D5E7E5192F0F71B80013F986 /* SubSuggestionsView.swift in Sources */ = {isa = PBXBuildFile; fileRef = D5E7E5182F0F71B40013F986 /* SubSuggestionsView.swift */; };
		D5E7E51B2F0F78920013F986 /* MatchHistoryView.swift in Sources */ = {isa = PBXBuildFile; fileRef = D5E7E51A2F0F78860013F986 /* MatchHistoryView.swift */; };
		D5E7E51D2F0F78B20013F986 /* MatchSummaryView.swift in Sources */ = {isa = PBXBuildFile; fileRef = D5E7E51C2F0F78AE0013F986 /* MatchSummaryView.swift */; };
		D5E7E5212F1049F00013F986 /* PlayerRow.swift in Sources */ = {isa = PBXBuildFile; fileRef = D5E7E5202F1049EC0013F986 /* PlayerRow.swift */; };
		D5E801922F1BEDA70063B745 /* MatchEventType.swift in Sources */ = {isa = PBXBuildFile; fileRef = D5E801912F1BED9B0063B745 /* MatchEventType.swift */; };
		D5E801942F1BEDE30063B745 /* MatchEvent.swift in Sources */ = {isa = PBXBuildFile; fileRef = D5E801932F1BEDE00063B745 /* MatchEvent.swift */; };
		D5E801962F1BF09B0063B745 /* Position.swift in Sources */ = {isa = PBXBuildFile; fileRef = D5E801952F1BF0990063B745 /* Position.swift */; };
		D5EF27A02F21DA2D0031E93E /* ScoreboardHeader.swift in Sources */ = {isa = PBXBuildFile; fileRef = D5EF279F2F21DA250031E93E /* ScoreboardHeader.swift */; };
/* End PBXBuildFile section */

/* Begin PBXFileReference section */
		D55670B62F140F920019DC8B /* SportType.swift */ = {isa = PBXFileReference; lastKnownFileType = sourcecode.swift; path = SportType.swift; sourceTree = "<group>"; };
		D55670B82F15D9ED0019DC8B /* MatchPauseReason.swift */ = {isa = PBXFileReference; lastKnownFileType = sourcecode.swift; path = MatchPauseReason.swift; sourceTree = "<group>"; };
		D57D72EC2F2572C500E24075 /* PlayerEditView.swift */ = {isa = PBXFileReference; lastKnownFileType = sourcecode.swift; path = PlayerEditView.swift; sourceTree = "<group>"; };
		D57D72EE2F26783400E24075 /* MatchRosterEditView.swift */ = {isa = PBXFileReference; lastKnownFileType = sourcecode.swift; path = MatchRosterEditView.swift; sourceTree = "<group>"; };
		D5DA84DE2F0AE2EF0061A5AE /* TouchLine.app */ = {isa = PBXFileReference; explicitFileType = wrapper.application; includeInIndex = 0; path = TouchLine.app; sourceTree = BUILT_PRODUCTS_DIR; };
		D5E7E4E52F0CF0770013F986 /* ContentView.swift */ = {isa = PBXFileReference; lastKnownFileType = sourcecode.swift; path = ContentView.swift; sourceTree = "<group>"; };
		D5E7E4EC2F0CF5C50013F986 /* PlayersView.swift */ = {isa = PBXFileReference; lastKnownFileType = sourcecode.swift; path = PlayersView.swift; sourceTree = "<group>"; };
		D5E7E4EF2F0CF5DA0013F986 /* MatchView.swift */ = {isa = PBXFileReference; lastKnownFileType = sourcecode.swift; path = MatchView.swift; sourceTree = "<group>"; };
		D5E7E4F42F0CF8BC0013F986 /* Player.swift */ = {isa = PBXFileReference; lastKnownFileType = sourcecode.swift; path = Player.swift; sourceTree = "<group>"; };
		D5E7E4FA2F0CFCE40013F986 /* AddPlayerView.swift */ = {isa = PBXFileReference; lastKnownFileType = sourcecode.swift; path = AddPlayerView.swift; sourceTree = "<group>"; };
		D5E7E50C2F0F38720013F986 /* MatchPlayer.swift */ = {isa = PBXFileReference; lastKnownFileType = sourcecode.swift; path = MatchPlayer.swift; sourceTree = "<group>"; };
		D5E7E50E2F0F39540013F986 /* Match.swift */ = {isa = PBXFileReference; lastKnownFileType = sourcecode.swift; path = Match.swift; sourceTree = "<group>"; };
		D5E7E5122F0F60180013F986 /* MatchSetupView.swift */ = {isa = PBXFileReference; lastKnownFileType = sourcecode.swift; path = MatchSetupView.swift; sourceTree = "<group>"; };
		D5E7E5142F0F61720013F986 /* MatchClockView.swift */ = {isa = PBXFileReference; lastKnownFileType = sourcecode.swift; path = MatchClockView.swift; sourceTree = "<group>"; };
		D5E7E5162F0F64170013F986 /* TimeFormatter.swift */ = {isa = PBXFileReference; lastKnownFileType = sourcecode.swift; path = TimeFormatter.swift; sourceTree = "<group>"; };
		D5E7E5182F0F71B40013F986 /* SubSuggestionsView.swift */ = {isa = PBXFileReference; lastKnownFileType = sourcecode.swift; path = SubSuggestionsView.swift; sourceTree = "<group>"; };
		D5E7E51A2F0F78860013F986 /* MatchHistoryView.swift */ = {isa = PBXFileReference; lastKnownFileType = sourcecode.swift; path = MatchHistoryView.swift; sourceTree = "<group>"; };
		D5E7E51C2F0F78AE0013F986 /* MatchSummaryView.swift */ = {isa = PBXFileReference; lastKnownFileType = sourcecode.swift; path = MatchSummaryView.swift; sourceTree = "<group>"; };
		D5E7E5202F1049EC0013F986 /* PlayerRow.swift */ = {isa = PBXFileReference; lastKnownFileType = sourcecode.swift; path = PlayerRow.swift; sourceTree = "<group>"; };
		D5E801912F1BED9B0063B745 /* MatchEventType.swift */ = {isa = PBXFileReference; lastKnownFileType = sourcecode.swift; path = MatchEventType.swift; sourceTree = "<group>"; };
		D5E801932F1BEDE00063B745 /* MatchEvent.swift */ = {isa = PBXFileReference; lastKnownFileType = sourcecode.swift; path = MatchEvent.swift; sourceTree = "<group>"; };
		D5E801952F1BF0990063B745 /* Position.swift */ = {isa = PBXFileReference; lastKnownFileType = sourcecode.swift; path = Position.swift; sourceTree = "<group>"; };
		D5EF279F2F21DA250031E93E /* ScoreboardHeader.swift */ = {isa = PBXFileReference; lastKnownFileType = sourcecode.swift; path = ScoreboardHeader.swift; sourceTree = "<group>"; };
/* End PBXFileReference section */

/* Begin PBXFileSystemSynchronizedRootGroup section */
		D5DA84E02F0AE2EF0061A5AE /* App */ = {
			isa = PBXFileSystemSynchronizedRootGroup;
			path = App;
			sourceTree = "<group>";
		};
/* End PBXFileSystemSynchronizedRootGroup section */

/* Begin PBXFrameworksBuildPhase section */
		D5DA84DB2F0AE2EF0061A5AE /* Frameworks */ = {
			isa = PBXFrameworksBuildPhase;
			buildActionMask = 2147483647;
			files = (
			);
			runOnlyForDeploymentPostprocessing = 0;
		};
/* End PBXFrameworksBuildPhase section */

/* Begin PBXGroup section */
		D5DA84D52F0AE2EF0061A5AE = {
			isa = PBXGroup;
			children = (
				D5DA84E02F0AE2EF0061A5AE /* App */,
				D5E7E5032F0CFE650013F986 /* Models */,
				D5DA84DF2F0AE2EF0061A5AE /* Products */,
				D5E7E5162F0F64170013F986 /* TimeFormatter.swift */,
				D5E7E5052F0CFE7C0013F986 /* Views */,
			);
			sourceTree = "<group>";
		};
		D5DA84DF2F0AE2EF0061A5AE /* Products */ = {
			isa = PBXGroup;
			children = (
				D5DA84DE2F0AE2EF0061A5AE /* TouchLine.app */,
			);
			name = Products;
			sourceTree = "<group>";
		};
		D5E7E5032F0CFE650013F986 /* Models */ = {
			isa = PBXGroup;
			children = (
				D5E801952F1BF0990063B745 /* Position.swift */,
				D5E801932F1BEDE00063B745 /* MatchEvent.swift */,
				D5E801912F1BED9B0063B745 /* MatchEventType.swift */,
				D55670B82F15D9ED0019DC8B /* MatchPauseReason.swift */,
				D55670B62F140F920019DC8B /* SportType.swift */,
				D5E7E50E2F0F39540013F986 /* Match.swift */,
				D5E7E50C2F0F38720013F986 /* MatchPlayer.swift */,
				D5E7E4F42F0CF8BC0013F986 /* Player.swift */,
			);
			path = Models;
			sourceTree = "<group>";
		};
		D5E7E5052F0CFE7C0013F986 /* Views */ = {
			isa = PBXGroup;
			children = (
				D57D72EE2F26783400E24075 /* MatchRosterEditView.swift */,
				D57D72EC2F2572C500E24075 /* PlayerEditView.swift */,
				D5EF279F2F21DA250031E93E /* ScoreboardHeader.swift */,
				D5E7E4FA2F0CFCE40013F986 /* AddPlayerView.swift */,
				D5E7E4E52F0CF0770013F986 /* ContentView.swift */,
				D5E7E5142F0F61720013F986 /* MatchClockView.swift */,
				D5E7E51A2F0F78860013F986 /* MatchHistoryView.swift */,
				D5E7E5122F0F60180013F986 /* MatchSetupView.swift */,
				D5E7E51C2F0F78AE0013F986 /* MatchSummaryView.swift */,
				D5E7E4EF2F0CF5DA0013F986 /* MatchView.swift */,
				D5E7E5202F1049EC0013F986 /* PlayerRow.swift */,
				D5E7E4EC2F0CF5C50013F986 /* PlayersView.swift */,
				D5E7E5182F0F71B40013F986 /* SubSuggestionsView.swift */,
			);
			path = Views;
			sourceTree = "<group>";
		};
/* End PBXGroup section */

/* Begin PBXNativeTarget section */
		D5DA84DD2F0AE2EF0061A5AE /* TouchLine */ = {
			isa = PBXNativeTarget;
			buildConfigurationList = D5DA84EB2F0AE2F00061A5AE /* Build configuration list for PBXNativeTarget "TouchLine" */;
			buildPhases = (
				D5DA84DA2F0AE2EF0061A5AE /* Sources */,
				D5DA84DB2F0AE2EF0061A5AE /* Frameworks */,
				D5DA84DC2F0AE2EF0061A5AE /* Resources */,
			);
			buildRules = (
			);
			dependencies = (
			);
			fileSystemSynchronizedGroups = (
				D5DA84E02F0AE2EF0061A5AE /* App */,
			);
			name = TouchLine;
			packageProductDependencies = (
			);
			productName = TouchLine;
			productReference = D5DA84DE2F0AE2EF0061A5AE /* TouchLine.app */;
			productType = "com.apple.product-type.application";
		};
/* End PBXNativeTarget section */

/* Begin PBXProject section */
		D5DA84D62F0AE2EF0061A5AE /* Project object */ = {
			isa = PBXProject;
			attributes = {
				BuildIndependentTargetsInParallel = 1;
				LastSwiftUpdateCheck = 2620;
				LastUpgradeCheck = 2620;
				TargetAttributes = {
					D5DA84DD2F0AE2EF0061A5AE = {
						CreatedOnToolsVersion = 26.2;
					};
				};
			};
			buildConfigurationList = D5DA84D92F0AE2EF0061A5AE /* Build configuration list for PBXProject "TouchLine" */;
			developmentRegion = en;
			hasScannedForEncodings = 0;
			knownRegions = (
				en,
				Base,
			);
			mainGroup = D5DA84D52F0AE2EF0061A5AE;
			minimizedProjectReferenceProxies = 1;
			preferredProjectObjectVersion = 77;
			productRefGroup = D5DA84DF2F0AE2EF0061A5AE /* Products */;
			projectDirPath = "";
			projectRoot = "";
			targets = (
				D5DA84DD2F0AE2EF0061A5AE /* TouchLine */,
			);
		};
/* End PBXProject section */

/* Begin PBXResourcesBuildPhase section */
		D5DA84DC2F0AE2EF0061A5AE /* Resources */ = {
			isa = PBXResourcesBuildPhase;
			buildActionMask = 2147483647;
			files = (
			);
			runOnlyForDeploymentPostprocessing = 0;
		};
/* End PBXResourcesBuildPhase section */

/* Begin PBXSourcesBuildPhase section */
		D5DA84DA2F0AE2EF0061A5AE /* Sources */ = {
			isa = PBXSourcesBuildPhase;
			buildActionMask = 2147483647;
			files = (
				D5E7E50D2F0F38780013F986 /* MatchPlayer.swift in Sources */,
				D5E7E50F2F0F39580013F986 /* Match.swift in Sources */,
				D5E7E51D2F0F78B20013F986 /* MatchSummaryView.swift in Sources */,
				D5E7E4E82F0CF0770013F986 /* ContentView.swift in Sources */,
				D5E7E4F12F0CF5E20013F986 /* MatchView.swift in Sources */,
				D5E7E5132F0F60210013F986 /* MatchSetupView.swift in Sources */,
				D5E801942F1BEDE30063B745 /* MatchEvent.swift in Sources */,
				D57D72EF2F26783900E24075 /* MatchRosterEditView.swift in Sources */,
				D5E7E5172F0F641B0013F986 /* TimeFormatter.swift in Sources */,
				D55670B92F15D9F20019DC8B /* MatchPauseReason.swift in Sources */,
				D5E7E5212F1049F00013F986 /* PlayerRow.swift in Sources */,
				D5EF27A02F21DA2D0031E93E /* ScoreboardHeader.swift in Sources */,
				D5E7E4FC2F0CFCEB0013F986 /* AddPlayerView.swift in Sources */,
				D5E7E51B2F0F78920013F986 /* MatchHistoryView.swift in Sources */,
				D5E801962F1BF09B0063B745 /* Position.swift in Sources */,
				D5E7E5192F0F71B80013F986 /* SubSuggestionsView.swift in Sources */,
				D57D72ED2F2572C900E24075 /* PlayerEditView.swift in Sources */,
				D5E7E4F62F0CF8BE0013F986 /* Player.swift in Sources */,
				D5E7E5152F0F61760013F986 /* MatchClockView.swift in Sources */,
				D5E7E4EE2F0CF5CE0013F986 /* PlayersView.swift in Sources */,
				D5E801922F1BEDA70063B745 /* MatchEventType.swift in Sources */,
				D55670B72F140F9A0019DC8B /* SportType.swift in Sources */,
			);
			runOnlyForDeploymentPostprocessing = 0;
		};
/* End PBXSourcesBuildPhase section */

/* Begin XCBuildConfiguration section */
		D5DA84E92F0AE2F00061A5AE /* Debug */ = {
			isa = XCBuildConfiguration;
			buildSettings = {
				ALWAYS_SEARCH_USER_PATHS = NO;
				ASSETCATALOG_COMPILER_GENERATE_SWIFT_ASSET_SYMBOL_EXTENSIONS = YES;
				CLANG_ANALYZER_NONNULL = YES;
				CLANG_ANALYZER_NUMBER_OBJECT_CONVERSION = YES_AGGRESSIVE;
				CLANG_CXX_LANGUAGE_STANDARD = "gnu++20";
				CLANG_ENABLE_MODULES = YES;
				CLANG_ENABLE_OBJC_ARC = YES;
				CLANG_ENABLE_OBJC_WEAK = YES;
				CLANG_WARN_BLOCK_CAPTURE_AUTORELEASING = YES;
				CLANG_WARN_BOOL_CONVERSION = YES;
				CLANG_WARN_COMMA = YES;
				CLANG_WARN_CONSTANT_CONVERSION = YES;
				CLANG_WARN_DEPRECATED_OBJC_IMPLEMENTATIONS = YES;
				CLANG_WARN_DIRECT_OBJC_ISA_USAGE = YES_ERROR;
				CLANG_WARN_DOCUMENTATION_COMMENTS = YES;
				CLANG_WARN_EMPTY_BODY = YES;
				CLANG_WARN_ENUM_CONVERSION = YES;
				CLANG_WARN_INFINITE_RECURSION = YES;
				CLANG_WARN_INT_CONVERSION = YES;
				CLANG_WARN_NON_LITERAL_NULL_CONVERSION = YES;
				CLANG_WARN_OBJC_IMPLICIT_RETAIN_SELF = YES;
				CLANG_WARN_OBJC_LITERAL_CONVERSION = YES;
				CLANG_WARN_OBJC_ROOT_CLASS = YES_ERROR;
				CLANG_WARN_QUOTED_INCLUDE_IN_FRAMEWORK_HEADER = YES;
				CLANG_WARN_RANGE_LOOP_ANALYSIS = YES;
				CLANG_WARN_STRICT_PROTOTYPES = YES;
				CLANG_WARN_SUSPICIOUS_MOVE = YES;
				CLANG_WARN_UNGUARDED_AVAILABILITY = YES_AGGRESSIVE;
				CLANG_WARN_UNREACHABLE_CODE = YES;
				CLANG_WARN__DUPLICATE_METHOD_MATCH = YES;
				COPY_PHASE_STRIP = NO;
				DEBUG_INFORMATION_FORMAT = dwarf;
				ENABLE_STRICT_OBJC_MSGSEND = YES;
				ENABLE_TESTABILITY = YES;
				ENABLE_USER_SCRIPT_SANDBOXING = YES;
				GCC_C_LANGUAGE_STANDARD = gnu17;
				GCC_DYNAMIC_NO_PIC = NO;
				GCC_NO_COMMON_BLOCKS = YES;
				GCC_OPTIMIZATION_LEVEL = 0;
				GCC_PREPROCESSOR_DEFINITIONS = (
					"DEBUG=1",
					"$(inherited)",
				);
				GCC_WARN_64_TO_32_BIT_CONVERSION = YES;
				GCC_WARN_ABOUT_RETURN_TYPE = YES_ERROR;
				GCC_WARN_UNDECLARED_SELECTOR = YES;
				GCC_WARN_UNINITIALIZED_AUTOS = YES_AGGRESSIVE;
				GCC_WARN_UNUSED_FUNCTION = YES;
				GCC_WARN_UNUSED_VARIABLE = YES;
				IPHONEOS_DEPLOYMENT_TARGET = 26.2;
				LOCALIZATION_PREFERS_STRING_CATALOGS = YES;
				MTL_ENABLE_DEBUG_INFO = INCLUDE_SOURCE;
				MTL_FAST_MATH = YES;
				ONLY_ACTIVE_ARCH = YES;
				SDKROOT = iphoneos;
				SWIFT_ACTIVE_COMPILATION_CONDITIONS = "DEBUG $(inherited)";
				SWIFT_OPTIMIZATION_LEVEL = "-Onone";
			};
			name = Debug;
		};
		D5DA84EA2F0AE2F00061A5AE /* Release */ = {
			isa = XCBuildConfiguration;
			buildSettings = {
				ALWAYS_SEARCH_USER_PATHS = NO;
				ASSETCATALOG_COMPILER_GENERATE_SWIFT_ASSET_SYMBOL_EXTENSIONS = YES;
				CLANG_ANALYZER_NONNULL = YES;
				CLANG_ANALYZER_NUMBER_OBJECT_CONVERSION = YES_AGGRESSIVE;
				CLANG_CXX_LANGUAGE_STANDARD = "gnu++20";
				CLANG_ENABLE_MODULES = YES;
				CLANG_ENABLE_OBJC_ARC = YES;
				CLANG_ENABLE_OBJC_WEAK = YES;
				CLANG_WARN_BLOCK_CAPTURE_AUTORELEASING = YES;
				CLANG_WARN_BOOL_CONVERSION = YES;
				CLANG_WARN_COMMA = YES;
				CLANG_WARN_CONSTANT_CONVERSION = YES;
				CLANG_WARN_DEPRECATED_OBJC_IMPLEMENTATIONS = YES;
				CLANG_WARN_DIRECT_OBJC_ISA_USAGE = YES_ERROR;
				CLANG_WARN_DOCUMENTATION_COMMENTS = YES;
				CLANG_WARN_EMPTY_BODY = YES;
				CLANG_WARN_ENUM_CONVERSION = YES;
				CLANG_WARN_INFINITE_RECURSION = YES;
				CLANG_WARN_INT_CONVERSION = YES;
				CLANG_WARN_NON_LITERAL_NULL_CONVERSION = YES;
				CLANG_WARN_OBJC_IMPLICIT_RETAIN_SELF = YES;
				CLANG_WARN_OBJC_LITERAL_CONVERSION = YES;
				CLANG_WARN_OBJC_ROOT_CLASS = YES_ERROR;
				CLANG_WARN_QUOTED_INCLUDE_IN_FRAMEWORK_HEADER = YES;
				CLANG_WARN_RANGE_LOOP_ANALYSIS = YES;
				CLANG_WARN_STRICT_PROTOTYPES = YES;
				CLANG_WARN_SUSPICIOUS_MOVE = YES;
				CLANG_WARN_UNGUARDED_AVAILABILITY = YES_AGGRESSIVE;
				CLANG_WARN_UNREACHABLE_CODE = YES;
				CLANG_WARN__DUPLICATE_METHOD_MATCH = YES;
				COPY_PHASE_STRIP = NO;
				DEBUG_INFORMATION_FORMAT = "dwarf-with-dsym";
				ENABLE_NS_ASSERTIONS = NO;
				ENABLE_STRICT_OBJC_MSGSEND = YES;
				ENABLE_USER_SCRIPT_SANDBOXING = YES;
				GCC_C_LANGUAGE_STANDARD = gnu17;
				GCC_NO_COMMON_BLOCKS = YES;
				GCC_WARN_64_TO_32_BIT_CONVERSION = YES;
				GCC_WARN_ABOUT_RETURN_TYPE = YES_ERROR;
				GCC_WARN_UNDECLARED_SELECTOR = YES;
				GCC_WARN_UNINITIALIZED_AUTOS = YES_AGGRESSIVE;
				GCC_WARN_UNUSED_FUNCTION = YES;
				GCC_WARN_UNUSED_VARIABLE = YES;
				IPHONEOS_DEPLOYMENT_TARGET = 26.2;
				LOCALIZATION_PREFERS_STRING_CATALOGS = YES;
				MTL_ENABLE_DEBUG_INFO = NO;
				MTL_FAST_MATH = YES;
				SDKROOT = iphoneos;
				SWIFT_COMPILATION_MODE = wholemodule;
				VALIDATE_PRODUCT = YES;
			};
			name = Release;
		};
		D5DA84EC2F0AE2F00061A5AE /* Debug */ = {
			isa = XCBuildConfiguration;
			buildSettings = {
				ASSETCATALOG_COMPILER_APPICON_NAME = AppIcon;
				ASSETCATALOG_COMPILER_GLOBAL_ACCENT_COLOR_NAME = AccentColor;
				CODE_SIGN_IDENTITY = "Apple Development";
				CODE_SIGN_STYLE = Automatic;
				CURRENT_PROJECT_VERSION = 1;
				DEVELOPMENT_TEAM = P749TLZ3U7;
				ENABLE_PREVIEWS = YES;
				GENERATE_INFOPLIST_FILE = YES;
				INFOPLIST_KEY_UIApplicationSceneManifest_Generation = YES;
				INFOPLIST_KEY_UIApplicationSupportsIndirectInputEvents = YES;
				INFOPLIST_KEY_UILaunchScreen_Generation = YES;
				INFOPLIST_KEY_UISupportedInterfaceOrientations_iPad = "UIInterfaceOrientationPortrait UIInterfaceOrientationPortraitUpsideDown UIInterfaceOrientationLandscapeLeft UIInterfaceOrientationLandscapeRight";
				INFOPLIST_KEY_UISupportedInterfaceOrientations_iPhone = "UIInterfaceOrientationPortrait UIInterfaceOrientationLandscapeLeft UIInterfaceOrientationLandscapeRight";
				LD_RUNPATH_SEARCH_PATHS = (
					"$(inherited)",
					"@executable_path/Frameworks",
				);
				MARKETING_VERSION = 1.0;
				PRODUCT_BUNDLE_IDENTIFIER = com.brentbarrese.touchline.dev;
				PRODUCT_NAME = "$(TARGET_NAME)";
				PROVISIONING_PROFILE_SPECIFIER = "";
				STRING_CATALOG_GENERATE_SYMBOLS = YES;
				SWIFT_APPROACHABLE_CONCURRENCY = YES;
				SWIFT_DEFAULT_ACTOR_ISOLATION = MainActor;
				SWIFT_EMIT_LOC_STRINGS = YES;
				SWIFT_UPCOMING_FEATURE_MEMBER_IMPORT_VISIBILITY = YES;
				SWIFT_VERSION = 5.0;
				TARGETED_DEVICE_FAMILY = "1,2";
			};
			name = Debug;
		};
		D5DA84ED2F0AE2F00061A5AE /* Release */ = {
			isa = XCBuildConfiguration;
			buildSettings = {
				ASSETCATALOG_COMPILER_APPICON_NAME = AppIcon;
				ASSETCATALOG_COMPILER_GLOBAL_ACCENT_COLOR_NAME = AccentColor;
				CODE_SIGN_IDENTITY = "Apple Development";
				CODE_SIGN_STYLE = Automatic;
				CURRENT_PROJECT_VERSION = 1;
				DEVELOPMENT_TEAM = P749TLZ3U7;
				ENABLE_PREVIEWS = YES;
				GENERATE_INFOPLIST_FILE = YES;
				INFOPLIST_KEY_UIApplicationSceneManifest_Generation = YES;
				INFOPLIST_KEY_UIApplicationSupportsIndirectInputEvents = YES;
				INFOPLIST_KEY_UILaunchScreen_Generation = YES;
				INFOPLIST_KEY_UISupportedInterfaceOrientations_iPad = "UIInterfaceOrientationPortrait UIInterfaceOrientationPortraitUpsideDown UIInterfaceOrientationLandscapeLeft UIInterfaceOrientationLandscapeRight";
				INFOPLIST_KEY_UISupportedInterfaceOrientations_iPhone = "UIInterfaceOrientationPortrait UIInterfaceOrientationLandscapeLeft UIInterfaceOrientationLandscapeRight";
				LD_RUNPATH_SEARCH_PATHS = (
					"$(inherited)",
					"@executable_path/Frameworks",
				);
				MARKETING_VERSION = 1.0;
				PRODUCT_BUNDLE_IDENTIFIER = com.brentbarrese.touchline.dev;
				PRODUCT_NAME = "$(TARGET_NAME)";
				PROVISIONING_PROFILE_SPECIFIER = "";
				STRING_CATALOG_GENERATE_SYMBOLS = YES;
				SWIFT_APPROACHABLE_CONCURRENCY = YES;
				SWIFT_DEFAULT_ACTOR_ISOLATION = MainActor;
				SWIFT_EMIT_LOC_STRINGS = YES;
				SWIFT_UPCOMING_FEATURE_MEMBER_IMPORT_VISIBILITY = YES;
				SWIFT_VERSION = 5.0;
				TARGETED_DEVICE_FAMILY = "1,2";
			};
			name = Release;
		};
/* End XCBuildConfiguration section */

/* Begin XCConfigurationList section */
		D5DA84D92F0AE2EF0061A5AE /* Build configuration list for PBXProject "TouchLine" */ = {
			isa = XCConfigurationList;
			buildConfigurations = (
				D5DA84E92F0AE2F00061A5AE /* Debug */,
				D5DA84EA2F0AE2F00061A5AE /* Release */,
			);
			defaultConfigurationIsVisible = 0;
			defaultConfigurationName = Release;
		};
		D5DA84EB2F0AE2F00061A5AE /* Build configuration list for PBXNativeTarget "TouchLine" */ = {
			isa = XCConfigurationList;
			buildConfigurations = (
				D5DA84EC2F0AE2F00061A5AE /* Debug */,
				D5DA84ED2F0AE2F00061A5AE /* Release */,
			);
			defaultConfigurationIsVisible = 0;
			defaultConfigurationName = Release;
		};
/* End XCConfigurationList section */
	};
	rootObject = D5DA84D62F0AE2EF0061A5AE /* Project object */;
}
